// !$*UTF8*$!
{
	archiveVersion = 1;
	classes = {
	};
	objectVersion = 50;
	objects = {

/* Begin PBXBuildFile section */
		3D7B2BF82151D83100DC0900 /* AppDelegate.swift in Sources */ = {isa = PBXBuildFile; fileRef = 3D7B2BF72151D83100DC0900 /* AppDelegate.swift */; };
		3D7B2BFA2151D83100DC0900 /* ViewController.swift in Sources */ = {isa = PBXBuildFile; fileRef = 3D7B2BF92151D83100DC0900 /* ViewController.swift */; };
		3D7B2BFD2151D83100DC0900 /* Main.storyboard in Resources */ = {isa = PBXBuildFile; fileRef = 3D7B2BFB2151D83100DC0900 /* Main.storyboard */; };
		3D7B2BFF2151D83400DC0900 /* Assets.xcassets in Resources */ = {isa = PBXBuildFile; fileRef = 3D7B2BFE2151D83400DC0900 /* Assets.xcassets */; };
		3D7B2C022151D83400DC0900 /* LaunchScreen.storyboard in Resources */ = {isa = PBXBuildFile; fileRef = 3D7B2C002151D83400DC0900 /* LaunchScreen.storyboard */; };
		3D7B2C0D2151D83400DC0900 /* CeldaPersonalizadaTests.swift in Sources */ = {isa = PBXBuildFile; fileRef = 3D7B2C0C2151D83400DC0900 /* CeldaPersonalizadaTests.swift */; };
		3D7B2C182151D83400DC0900 /* CeldaPersonalizadaUITests.swift in Sources */ = {isa = PBXBuildFile; fileRef = 3D7B2C172151D83400DC0900 /* CeldaPersonalizadaUITests.swift */; };
		3D7B2C282151DA4C00DC0900 /* celdaAlumno.swift in Sources */ = {isa = PBXBuildFile; fileRef = 3D7B2C272151DA4C00DC0900 /* celdaAlumno.swift */; };
/* End PBXBuildFile section */

/* Begin PBXContainerItemProxy section */
		3D7B2C092151D83400DC0900 /* PBXContainerItemProxy */ = {
			isa = PBXContainerItemProxy;
			containerPortal = 3D7B2BEC2151D83100DC0900 /* Project object */;
			proxyType = 1;
			remoteGlobalIDString = 3D7B2BF32151D83100DC0900;
			remoteInfo = CeldaPersonalizada;
		};
		3D7B2C142151D83400DC0900 /* PBXContainerItemProxy */ = {
			isa = PBXContainerItemProxy;
			containerPortal = 3D7B2BEC2151D83100DC0900 /* Project object */;
			proxyType = 1;
			remoteGlobalIDString = 3D7B2BF32151D83100DC0900;
			remoteInfo = CeldaPersonalizada;
		};
/* End PBXContainerItemProxy section */

/* Begin PBXFileReference section */
		3D7B2BF42151D83100DC0900 /* CeldaPersonalizada.app */ = {isa = PBXFileReference; explicitFileType = wrapper.application; includeInIndex = 0; path = CeldaPersonalizada.app; sourceTree = BUILT_PRODUCTS_DIR; };
		3D7B2BF72151D83100DC0900 /* AppDelegate.swift */ = {isa = PBXFileReference; lastKnownFileType = sourcecode.swift; path = AppDelegate.swift; sourceTree = "<group>"; };
		3D7B2BF92151D83100DC0900 /* ViewController.swift */ = {isa = PBXFileReference; lastKnownFileType = sourcecode.swift; path = ViewController.swift; sourceTree = "<group>"; };
		3D7B2BFC2151D83100DC0900 /* Base */ = {isa = PBXFileReference; lastKnownFileType = file.storyboard; name = Base; path = Base.lproj/Main.storyboard; sourceTree = "<group>"; };
		3D7B2BFE2151D83400DC0900 /* Assets.xcassets */ = {isa = PBXFileReference; lastKnownFileType = folder.assetcatalog; path = Assets.xcassets; sourceTree = "<group>"; };
		3D7B2C012151D83400DC0900 /* Base */ = {isa = PBXFileReference; lastKnownFileType = file.storyboard; name = Base; path = Base.lproj/LaunchScreen.storyboard; sourceTree = "<group>"; };
		3D7B2C032151D83400DC0900 /* Info.plist */ = {isa = PBXFileReference; lastKnownFileType = text.plist.xml; path = Info.plist; sourceTree = "<group>"; };
		3D7B2C082151D83400DC0900 /* CeldaPersonalizadaTests.xctest */ = {isa = PBXFileReference; explicitFileType = wrapper.cfbundle; includeInIndex = 0; path = CeldaPersonalizadaTests.xctest; sourceTree = BUILT_PRODUCTS_DIR; };
		3D7B2C0C2151D83400DC0900 /* CeldaPersonalizadaTests.swift */ = {isa = PBXFileReference; lastKnownFileType = sourcecode.swift; path = CeldaPersonalizadaTests.swift; sourceTree = "<group>"; };
		3D7B2C0E2151D83400DC0900 /* Info.plist */ = {isa = PBXFileReference; lastKnownFileType = text.plist.xml; path = Info.plist; sourceTree = "<group>"; };
		3D7B2C132151D83400DC0900 /* CeldaPersonalizadaUITests.xctest */ = {isa = PBXFileReference; explicitFileType = wrapper.cfbundle; includeInIndex = 0; path = CeldaPersonalizadaUITests.xctest; sourceTree = BUILT_PRODUCTS_DIR; };
		3D7B2C172151D83400DC0900 /* CeldaPersonalizadaUITests.swift */ = {isa = PBXFileReference; lastKnownFileType = sourcecode.swift; path = CeldaPersonalizadaUITests.swift; sourceTree = "<group>"; };
		3D7B2C192151D83400DC0900 /* Info.plist */ = {isa = PBXFileReference; lastKnownFileType = text.plist.xml; path = Info.plist; sourceTree = "<group>"; };
		3D7B2C272151DA4C00DC0900 /* celdaAlumno.swift */ = {isa = PBXFileReference; lastKnownFileType = sourcecode.swift; path = celdaAlumno.swift; sourceTree = "<group>"; };
/* End PBXFileReference section */

/* Begin PBXFrameworksBuildPhase section */
		3D7B2BF12151D83100DC0900 /* Frameworks */ = {
			isa = PBXFrameworksBuildPhase;
			buildActionMask = 2147483647;
			files = (
			);
			runOnlyForDeploymentPostprocessing = 0;
		};
		3D7B2C052151D83400DC0900 /* Frameworks */ = {
			isa = PBXFrameworksBuildPhase;
			buildActionMask = 2147483647;
			files = (
			);
			runOnlyForDeploymentPostprocessing = 0;
		};
		3D7B2C102151D83400DC0900 /* Frameworks */ = {
			isa = PBXFrameworksBuildPhase;
			buildActionMask = 2147483647;
			files = (
			);
			runOnlyForDeploymentPostprocessing = 0;
		};
/* End PBXFrameworksBuildPhase section */

/* Begin PBXGroup section */
		3D7B2BEB2151D83100DC0900 = {
			isa = PBXGroup;
			children = (
				3D7B2BF62151D83100DC0900 /* CeldaPersonalizada */,
				3D7B2C0B2151D83400DC0900 /* CeldaPersonalizadaTests */,
				3D7B2C162151D83400DC0900 /* CeldaPersonalizadaUITests */,
				3D7B2BF52151D83100DC0900 /* Products */,
			);
			sourceTree = "<group>";
		};
		3D7B2BF52151D83100DC0900 /* Products */ = {
			isa = PBXGroup;
			children = (
				3D7B2BF42151D83100DC0900 /* CeldaPersonalizada.app */,
				3D7B2C082151D83400DC0900 /* CeldaPersonalizadaTests.xctest */,
				3D7B2C132151D83400DC0900 /* CeldaPersonalizadaUITests.xctest */,
			);
			name = Products;
			sourceTree = "<group>";
		};
		3D7B2BF62151D83100DC0900 /* CeldaPersonalizada */ = {
			isa = PBXGroup;
			children = (
				3D7B2BF72151D83100DC0900 /* AppDelegate.swift */,
				3D7B2BF92151D83100DC0900 /* ViewController.swift */,
				3D7B2BFB2151D83100DC0900 /* Main.storyboard */,
				3D7B2BFE2151D83400DC0900 /* Assets.xcassets */,
				3D7B2C002151D83400DC0900 /* LaunchScreen.storyboard */,
				3D7B2C032151D83400DC0900 /* Info.plist */,
				3D7B2C272151DA4C00DC0900 /* celdaAlumno.swift */,
			);
			path = CeldaPersonalizada;
			sourceTree = "<group>";
		};
		3D7B2C0B2151D83400DC0900 /* CeldaPersonalizadaTests */ = {
			isa = PBXGroup;
			children = (
				3D7B2C0C2151D83400DC0900 /* CeldaPersonalizadaTests.swift */,
				3D7B2C0E2151D83400DC0900 /* Info.plist */,
			);
			path = CeldaPersonalizadaTests;
			sourceTree = "<group>";
		};
		3D7B2C162151D83400DC0900 /* CeldaPersonalizadaUITests */ = {
			isa = PBXGroup;
			children = (
				3D7B2C172151D83400DC0900 /* CeldaPersonalizadaUITests.swift */,
				3D7B2C192151D83400DC0900 /* Info.plist */,
			);
			path = CeldaPersonalizadaUITests;
			sourceTree = "<group>";
		};
/* End PBXGroup section */

/* Begin PBXNativeTarget section */
		3D7B2BF32151D83100DC0900 /* CeldaPersonalizada */ = {
			isa = PBXNativeTarget;
			buildConfigurationList = 3D7B2C1C2151D83400DC0900 /* Build configuration list for PBXNativeTarget "CeldaPersonalizada" */;
			buildPhases = (
				3D7B2BF02151D83100DC0900 /* Sources */,
				3D7B2BF12151D83100DC0900 /* Frameworks */,
				3D7B2BF22151D83100DC0900 /* Resources */,
			);
			buildRules = (
			);
			dependencies = (
			);
			name = CeldaPersonalizada;
			productName = CeldaPersonalizada;
			productReference = 3D7B2BF42151D83100DC0900 /* CeldaPersonalizada.app */;
			productType = "com.apple.product-type.application";
		};
		3D7B2C072151D83400DC0900 /* CeldaPersonalizadaTests */ = {
			isa = PBXNativeTarget;
			buildConfigurationList = 3D7B2C1F2151D83400DC0900 /* Build configuration list for PBXNativeTarget "CeldaPersonalizadaTests" */;
			buildPhases = (
				3D7B2C042151D83400DC0900 /* Sources */,
				3D7B2C052151D83400DC0900 /* Frameworks */,
				3D7B2C062151D83400DC0900 /* Resources */,
			);
			buildRules = (
			);
			dependencies = (
				3D7B2C0A2151D83400DC0900 /* PBXTargetDependency */,
			);
			name = CeldaPersonalizadaTests;
			productName = CeldaPersonalizadaTests;
			productReference = 3D7B2C082151D83400DC0900 /* CeldaPersonalizadaTests.xctest */;
			productType = "com.apple.product-type.bundle.unit-test";
		};
		3D7B2C122151D83400DC0900 /* CeldaPersonalizadaUITests */ = {
			isa = PBXNativeTarget;
			buildConfigurationList = 3D7B2C222151D83400DC0900 /* Build configuration list for PBXNativeTarget "CeldaPersonalizadaUITests" */;
			buildPhases = (
				3D7B2C0F2151D83400DC0900 /* Sources */,
				3D7B2C102151D83400DC0900 /* Frameworks */,
				3D7B2C112151D83400DC0900 /* Resources */,
			);
			buildRules = (
			);
			dependencies = (
				3D7B2C152151D83400DC0900 /* PBXTargetDependency */,
			);
			name = CeldaPersonalizadaUITests;
			productName = CeldaPersonalizadaUITests;
			productReference = 3D7B2C132151D83400DC0900 /* CeldaPersonalizadaUITests.xctest */;
			productType = "com.apple.product-type.bundle.ui-testing";
		};
/* End PBXNativeTarget section */

/* Begin PBXProject section */
		3D7B2BEC2151D83100DC0900 /* Project object */ = {
			isa = PBXProject;
			attributes = {
				LastSwiftUpdateCheck = 0940;
				LastUpgradeCheck = 0940;
				ORGANIZATIONNAME = Alumno;
				TargetAttributes = {
					3D7B2BF32151D83100DC0900 = {
						CreatedOnToolsVersion = 9.4.1;
					};
					3D7B2C072151D83400DC0900 = {
						CreatedOnToolsVersion = 9.4.1;
						TestTargetID = 3D7B2BF32151D83100DC0900;
					};
					3D7B2C122151D83400DC0900 = {
						CreatedOnToolsVersion = 9.4.1;
						TestTargetID = 3D7B2BF32151D83100DC0900;
					};
				};
			};
			buildConfigurationList = 3D7B2BEF2151D83100DC0900 /* Build configuration list for PBXProject "CeldaPersonalizada" */;
			compatibilityVersion = "Xcode 9.3";
			developmentRegion = en;
			hasScannedForEncodings = 0;
			knownRegions = (
				en,
				Base,
			);
			mainGroup = 3D7B2BEB2151D83100DC0900;
			productRefGroup = 3D7B2BF52151D83100DC0900 /* Products */;
			projectDirPath = "";
			projectRoot = "";
			targets = (
				3D7B2BF32151D83100DC0900 /* CeldaPersonalizada */,
				3D7B2C072151D83400DC0900 /* CeldaPersonalizadaTests */,
				3D7B2C122151D83400DC0900 /* CeldaPersonalizadaUITests */,
			);
		};
/* End PBXProject section */

/* Begin PBXResourcesBuildPhase section */
		3D7B2BF22151D83100DC0900 /* Resources */ = {
			isa = PBXResourcesBuildPhase;
			buildActionMask = 2147483647;
			files = (
				3D7B2C022151D83400DC0900 /* LaunchScreen.storyboard in Resources */,
				3D7B2BFF2151D83400DC0900 /* Assets.xcassets in Resources */,
				3D7B2BFD2151D83100DC0900 /* Main.storyboard in Resources */,
			);
			runOnlyForDeploymentPostprocessing = 0;
		};
		3D7B2C062151D83400DC0900 /* Resources */ = {
			isa = PBXResourcesBuildPhase;
			buildActionMask = 2147483647;
			files = (
			);
			runOnlyForDeploymentPostprocessing = 0;
		};
		3D7B2C112151D83400DC0900 /* Resources */ = {
			isa = PBXResourcesBuildPhase;
			buildActionMask = 2147483647;
			files = (
			);
			runOnlyForDeploymentPostprocessing = 0;
		};
/* End PBXResourcesBuildPhase section */

/* Begin PBXSourcesBuildPhase section */
		3D7B2BF02151D83100DC0900 /* Sources */ = {
			isa = PBXSourcesBuildPhase;
			buildActionMask = 2147483647;
			files = (
				3D7B2BFA2151D83100DC0900 /* ViewController.swift in Sources */,
				3D7B2BF82151D83100DC0900 /* AppDelegate.swift in Sources */,
				3D7B2C282151DA4C00DC0900 /* celdaAlumno.swift in Sources */,
			);
			runOnlyForDeploymentPostprocessing = 0;
		};
		3D7B2C042151D83400DC0900 /* Sources */ = {
			isa = PBXSourcesBuildPhase;
			buildActionMask = 2147483647;
			files = (
				3D7B2C0D2151D83400DC0900 /* CeldaPersonalizadaTests.swift in Sources */,
			);
			runOnlyForDeploymentPostprocessing = 0;
		};
		3D7B2C0F2151D83400DC0900 /* Sources */ = {
			isa = PBXSourcesBuildPhase;
			buildActionMask = 2147483647;
			files = (
				3D7B2C182151D83400DC0900 /* CeldaPersonalizadaUITests.swift in Sources */,
			);
			runOnlyForDeploymentPostprocessing = 0;
		};
/* End PBXSourcesBuildPhase section */

/* Begin PBXTargetDependency section */
		3D7B2C0A2151D83400DC0900 /* PBXTargetDependency */ = {
			isa = PBXTargetDependency;
			target = 3D7B2BF32151D83100DC0900 /* CeldaPersonalizada */;
			targetProxy = 3D7B2C092151D83400DC0900 /* PBXContainerItemProxy */;
		};
		3D7B2C152151D83400DC0900 /* PBXTargetDependency */ = {
			isa = PBXTargetDependency;
			target = 3D7B2BF32151D83100DC0900 /* CeldaPersonalizada */;
			targetProxy = 3D7B2C142151D83400DC0900 /* PBXContainerItemProxy */;
		};
/* End PBXTargetDependency section */

/* Begin PBXVariantGroup section */
		3D7B2BFB2151D83100DC0900 /* Main.storyboard */ = {
			isa = PBXVariantGroup;
			children = (
				3D7B2BFC2151D83100DC0900 /* Base */,
			);
			name = Main.storyboard;
			sourceTree = "<group>";
		};
		3D7B2C002151D83400DC0900 /* LaunchScreen.storyboard */ = {
			isa = PBXVariantGroup;
			children = (
				3D7B2C012151D83400DC0900 /* Base */,
			);
			name = LaunchScreen.storyboard;
			sourceTree = "<group>";
		};
/* End PBXVariantGroup section */

/* Begin XCBuildConfiguration section */
		3D7B2C1A2151D83400DC0900 /* Debug */ = {
			isa = XCBuildConfiguration;
			buildSettings = {
				ALWAYS_SEARCH_USER_PATHS = NO;
				CLANG_ANALYZER_NONNULL = YES;
				CLANG_ANALYZER_NUMBER_OBJECT_CONVERSION = YES_AGGRESSIVE;
				CLANG_CXX_LANGUAGE_STANDARD = "gnu++14";
				CLANG_CXX_LIBRARY = "libc++";
				CLANG_ENABLE_MODULES = YES;
				CLANG_ENABLE_OBJC_ARC = YES;
				CLANG_ENABLE_OBJC_WEAK = YES;
				CLANG_WARN_BLOCK_CAPTURE_AUTORELEASING = YES;
				CLANG_WARN_BOOL_CONVERSION = YES;
				CLANG_WARN_COMMA = YES;
				CLANG_WARN_CONSTANT_CONVERSION = YES;
				CLANG_WARN_DEPRECATED_OBJC_IMPLEMENTATIONS = YES;
				CLANG_WARN_DIRECT_OBJC_ISA_USAGE = YES_ERROR;
				CLANG_WARN_DOCUMENTATION_COMMENTS = YES;
				CLANG_WARN_EMPTY_BODY = YES;
				CLANG_WARN_ENUM_CONVERSION = YES;
				CLANG_WARN_INFINITE_RECURSION = YES;
				CLANG_WARN_INT_CONVERSION = YES;
				CLANG_WARN_NON_LITERAL_NULL_CONVERSION = YES;
				CLANG_WARN_OBJC_IMPLICIT_RETAIN_SELF = YES;
				CLANG_WARN_OBJC_LITERAL_CONVERSION = YES;
				CLANG_WARN_OBJC_ROOT_CLASS = YES_ERROR;
				CLANG_WARN_RANGE_LOOP_ANALYSIS = YES;
				CLANG_WARN_STRICT_PROTOTYPES = YES;
				CLANG_WARN_SUSPICIOUS_MOVE = YES;
				CLANG_WARN_UNGUARDED_AVAILABILITY = YES_AGGRESSIVE;
				CLANG_WARN_UNREACHABLE_CODE = YES;
				CLANG_WARN__DUPLICATE_METHOD_MATCH = YES;
				CODE_SIGN_IDENTITY = "iPhone Developer";
				COPY_PHASE_STRIP = NO;
				DEBUG_INFORMATION_FORMAT = dwarf;
				ENABLE_STRICT_OBJC_MSGSEND = YES;
				ENABLE_TESTABILITY = YES;
				GCC_C_LANGUAGE_STANDARD = gnu11;
				GCC_DYNAMIC_NO_PIC = NO;
				GCC_NO_COMMON_BLOCKS = YES;
				GCC_OPTIMIZATION_LEVEL = 0;
				GCC_PREPROCESSOR_DEFINITIONS = (
					"DEBUG=1",
					"$(inherited)",
				);
				GCC_WARN_64_TO_32_BIT_CONVERSION = YES;
				GCC_WARN_ABOUT_RETURN_TYPE = YES_ERROR;
				GCC_WARN_UNDECLARED_SELECTOR = YES;
				GCC_WARN_UNINITIALIZED_AUTOS = YES_AGGRESSIVE;
				GCC_WARN_UNUSED_FUNCTION = YES;
				GCC_WARN_UNUSED_VARIABLE = YES;
				IPHONEOS_DEPLOYMENT_TARGET = 11.4;
				MTL_ENABLE_DEBUG_INFO = YES;
				ONLY_ACTIVE_ARCH = YES;
				SDKROOT = iphoneos;
				SWIFT_ACTIVE_COMPILATION_CONDITIONS = DEBUG;
				SWIFT_OPTIMIZATION_LEVEL = "-Onone";
			};
			name = Debug;
		};
		3D7B2C1B2151D83400DC0900 /* Release */ = {
			isa = XCBuildConfiguration;
			buildSettings = {
				ALWAYS_SEARCH_USER_PATHS = NO;
				CLANG_ANALYZER_NONNULL = YES;
				CLANG_ANALYZER_NUMBER_OBJECT_CONVERSION = YES_AGGRESSIVE;
				CLANG_CXX_LANGUAGE_STANDARD = "gnu++14";
				CLANG_CXX_LIBRARY = "libc++";
				CLANG_ENABLE_MODULES = YES;
				CLANG_ENABLE_OBJC_ARC = YES;
				CLANG_ENABLE_OBJC_WEAK = YES;
				CLANG_WARN_BLOCK_CAPTURE_AUTORELEASING = YES;
				CLANG_WARN_BOOL_CONVERSION = YES;
				CLANG_WARN_COMMA = YES;
				CLANG_WARN_CONSTANT_CONVERSION = YES;
				CLANG_WARN_DEPRECATED_OBJC_IMPLEMENTATIONS = YES;
				CLANG_WARN_DIRECT_OBJC_ISA_USAGE = YES_ERROR;
				CLANG_WARN_DOCUMENTATION_COMMENTS = YES;
				CLANG_WARN_EMPTY_BODY = YES;
				CLANG_WARN_ENUM_CONVERSION = YES;
				CLANG_WARN_INFINITE_RECURSION = YES;
				CLANG_WARN_INT_CONVERSION = YES;
				CLANG_WARN_NON_LITERAL_NULL_CONVERSION = YES;
				CLANG_WARN_OBJC_IMPLICIT_RETAIN_SELF = YES;
				CLANG_WARN_OBJC_LITERAL_CONVERSION = YES;
				CLANG_WARN_OBJC_ROOT_CLASS = YES_ERROR;
				CLANG_WARN_RANGE_LOOP_ANALYSIS = YES;
				CLANG_WARN_STRICT_PROTOTYPES = YES;
				CLANG_WARN_SUSPICIOUS_MOVE = YES;
				CLANG_WARN_UNGUARDED_AVAILABILITY = YES_AGGRESSIVE;
				CLANG_WARN_UNREACHABLE_CODE = YES;
				CLANG_WARN__DUPLICATE_METHOD_MATCH = YES;
				CODE_SIGN_IDENTITY = "iPhone Developer";
				COPY_PHASE_STRIP = NO;
				DEBUG_INFORMATION_FORMAT = "dwarf-with-dsym";
				ENABLE_NS_ASSERTIONS = NO;
				ENABLE_STRICT_OBJC_MSGSEND = YES;
				GCC_C_LANGUAGE_STANDARD = gnu11;
				GCC_NO_COMMON_BLOCKS = YES;
				GCC_WARN_64_TO_32_BIT_CONVERSION = YES;
				GCC_WARN_ABOUT_RETURN_TYPE = YES_ERROR;
				GCC_WARN_UNDECLARED_SELECTOR = YES;
				GCC_WARN_UNINITIALIZED_AUTOS = YES_AGGRESSIVE;
				GCC_WARN_UNUSED_FUNCTION = YES;
				GCC_WARN_UNUSED_VARIABLE = YES;
				IPHONEOS_DEPLOYMENT_TARGET = 11.4;
				MTL_ENABLE_DEBUG_INFO = NO;
				SDKROOT = iphoneos;
				SWIFT_COMPILATION_MODE = wholemodule;
				SWIFT_OPTIMIZATION_LEVEL = "-O";
				VALIDATE_PRODUCT = YES;
			};
			name = Release;
		};
		3D7B2C1D2151D83400DC0900 /* Debug */ = {
			isa = XCBuildConfiguration;
			buildSettings = {
				ASSETCATALOG_COMPILER_APPICON_NAME = AppIcon;
				CODE_SIGN_STYLE = Automatic;
				INFOPLIST_FILE = CeldaPersonalizada/Info.plist;
				LD_RUNPATH_SEARCH_PATHS = (
					"$(inherited)",
					"@executable_path/Frameworks",
				);
				PRODUCT_BUNDLE_IDENTIFIER = edu.ulsa.CeldaPersonalizada;
				PRODUCT_NAME = "$(TARGET_NAME)";
				SWIFT_VERSION = 4.0;
				TARGETED_DEVICE_FAMILY = "1,2";
			};
			name = Debug;
		};
		3D7B2C1E2151D83400DC0900 /* Release */ = {
			isa = XCBuildConfiguration;
			buildSettings = {
				ASSETCATALOG_COMPILER_APPICON_NAME = AppIcon;
				CODE_SIGN_STYLE = Automatic;
				INFOPLIST_FILE = CeldaPersonalizada/Info.plist;
				LD_RUNPATH_SEARCH_PATHS = (
					"$(inherited)",
					"@executable_path/Frameworks",
				);
				PRODUCT_BUNDLE_IDENTIFIER = edu.ulsa.CeldaPersonalizada;
				PRODUCT_NAME = "$(TARGET_NAME)";
				SWIFT_VERSION = 4.0;
				TARGETED_DEVICE_FAMILY = "1,2";
			};
			name = Release;
		};
		3D7B2C202151D83400DC0900 /* Debug */ = {
			isa = XCBuildConfiguration;
			buildSettings = {
				ALWAYS_EMBED_SWIFT_STANDARD_LIBRARIES = YES;
				BUNDLE_LOADER = "$(TEST_HOST)";
				CODE_SIGN_STYLE = Automatic;
				INFOPLIST_FILE = CeldaPersonalizadaTests/Info.plist;
				LD_RUNPATH_SEARCH_PATHS = (
					"$(inherited)",
					"@executable_path/Frameworks",
					"@loader_path/Frameworks",
				);
				PRODUCT_BUNDLE_IDENTIFIER = edu.ulsa.CeldaPersonalizadaTests;
				PRODUCT_NAME = "$(TARGET_NAME)";
				SWIFT_VERSION = 4.0;
				TARGETED_DEVICE_FAMILY = "1,2";
				TEST_HOST = "$(BUILT_PRODUCTS_DIR)/CeldaPersonalizada.app/CeldaPersonalizada";
			};
			name = Debug;
		};
		3D7B2C212151D83400DC0900 /* Release */ = {
			isa = XCBuildConfiguration;
			buildSettings = {
				ALWAYS_EMBED_SWIFT_STANDARD_LIBRARIES = YES;
				BUNDLE_LOADER = "$(TEST_HOST)";
				CODE_SIGN_STYLE = Automatic;
				INFOPLIST_FILE = CeldaPersonalizadaTests/Info.plist;
				LD_RUNPATH_SEARCH_PATHS = (
					"$(inherited)",
					"@executable_path/Frameworks",
					"@loader_path/Frameworks",
				);
				PRODUCT_BUNDLE_IDENTIFIER = edu.ulsa.CeldaPersonalizadaTests;
				PRODUCT_NAME = "$(TARGET_NAME)";
				SWIFT_VERSION = 4.0;
				TARGETED_DEVICE_FAMILY = "1,2";
				TEST_HOST = "$(BUILT_PRODUCTS_DIR)/CeldaPersonalizada.app/CeldaPersonalizada";
			};
			name = Release;
		};
		3D7B2C232151D83400DC0900 /* Debug */ = {
			isa = XCBuildConfiguration;
			buildSettings = {
				ALWAYS_EMBED_SWIFT_STANDARD_LIBRARIES = YES;
				CODE_SIGN_STYLE = Automatic;
				INFOPLIST_FILE = CeldaPersonalizadaUITests/Info.plist;
				LD_RUNPATH_SEARCH_PATHS = (
					"$(inherited)",
					"@executable_path/Frameworks",
					"@loader_path/Frameworks",
				);
				PRODUCT_BUNDLE_IDENTIFIER = edu.ulsa.CeldaPersonalizadaUITests;
				PRODUCT_NAME = "$(TARGET_NAME)";
				SWIFT_VERSION = 4.0;
				TARGETED_DEVICE_FAMILY = "1,2";
				TEST_TARGET_NAME = CeldaPersonalizada;
			};
			name = Debug;
		};
		3D7B2C242151D83400DC0900 /* Release */ = {
			isa = XCBuildConfiguration;
			buildSettings = {
				ALWAYS_EMBED_SWIFT_STANDARD_LIBRARIES = YES;
				CODE_SIGN_STYLE = Automatic;
				INFOPLIST_FILE = CeldaPersonalizadaUITests/Info.plist;
				LD_RUNPATH_SEARCH_PATHS = (
					"$(inherited)",
					"@executable_path/Frameworks",
					"@loader_path/Frameworks",
				);
				PRODUCT_BUNDLE_IDENTIFIER = edu.ulsa.CeldaPersonalizadaUITests;
				PRODUCT_NAME = "$(TARGET_NAME)";
				SWIFT_VERSION = 4.0;
				TARGETED_DEVICE_FAMILY = "1,2";
				TEST_TARGET_NAME = CeldaPersonalizada;
			};
			name = Release;
		};
/* End XCBuildConfiguration section */

/* Begin XCConfigurationList section */
		3D7B2BEF2151D83100DC0900 /* Build configuration list for PBXProject "CeldaPersonalizada" */ = {
			isa = XCConfigurationList;
			buildConfigurations = (
				3D7B2C1A2151D83400DC0900 /* Debug */,
				3D7B2C1B2151D83400DC0900 /* Release */,
			);
			defaultConfigurationIsVisible = 0;
			defaultConfigurationName = Release;
		};
		3D7B2C1C2151D83400DC0900 /* Build configuration list for PBXNativeTarget "CeldaPersonalizada" */ = {
			isa = XCConfigurationList;
			buildConfigurations = (
				3D7B2C1D2151D83400DC0900 /* Debug */,
				3D7B2C1E2151D83400DC0900 /* Release */,
			);
			defaultConfigurationIsVisible = 0;
			defaultConfigurationName = Release;
		};
		3D7B2C1F2151D83400DC0900 /* Build configuration list for PBXNativeTarget "CeldaPersonalizadaTests" */ = {
			isa = XCConfigurationList;
			buildConfigurations = (
				3D7B2C202151D83400DC0900 /* Debug */,
				3D7B2C212151D83400DC0900 /* Release */,
			);
			defaultConfigurationIsVisible = 0;
			defaultConfigurationName = Release;
		};
		3D7B2C222151D83400DC0900 /* Build configuration list for PBXNativeTarget "CeldaPersonalizadaUITests" */ = {
			isa = XCConfigurationList;
			buildConfigurations = (
				3D7B2C232151D83400DC0900 /* Debug */,
				3D7B2C242151D83400DC0900 /* Release */,
			);
			defaultConfigurationIsVisible = 0;
			defaultConfigurationName = Release;
		};
/* End XCConfigurationList section */
	};
	rootObject = 3D7B2BEC2151D83100DC0900 /* Project object */;
}
